DEPENDENCIES
  opsworks_ruby
    path: .
    metadata: true

GRAPH
  apt (6.1.0)
  build-essential (8.0.1)
    mingw (>= 1.1)
    seven_zip (>= 0.0.0)
  chef_nginx (6.0.1)
    build-essential (>= 0.0.0)
    compat_resource (>= 12.16.3)
    ohai (>= 4.1.0)
    yum-epel (>= 0.0.0)
    zypper (>= 0.0.0)
  compat_resource (12.19.0)
  deployer (0.1.1)
    sudo (>= 0.0.0)
  logrotate (2.1.0)
    compat_resource (>= 0.0.0)
  mingw (2.0.0)
    seven_zip (>= 0.0.0)
  ohai (5.0.3)
  opsworks_ruby (1.4.0)
    chef_nginx (>= 0.0.0)
    deployer (>= 0.0.0)
    logrotate (>= 0.0.0)
    ruby-ng (>= 0.0.0)
  ruby-ng (0.3.0)
    apt (>= 0.0.0)
    build-essential (>= 0.0.0)
  seven_zip (2.0.2)
    windows (>= 1.2.2)
  sudo (3.3.1)
  windows (3.0.5)
    ohai (>= 4.0.0)
  yum-epel (2.1.1)
    compat_resource (>= 12.16.3)
  zypper (0.4.0)
